
Microsoft Visual Studio Solution File, Format Version 12.00
# Visual Studio 2013
VisualStudioVersion = 12.0.31101.0
MinimumVisualStudioVersion = 10.0.40219.1
Project("{FAE04EC0-301F-11D3-BF4B-00C04F79EFBC}") = "ApplicationRegistries", "ApplicationRegistry\ApplicationRegistries.csproj", "{CCAA1D15-EA29-4C3A-8BBE-9F1D95E77D04}"
EndProject
Project("{FAE04EC0-301F-11D3-BF4B-00C04F79EFBC}") = "ApplicationRegistries.Generator", "ApplicationRegistries.Generator\ApplicationRegistries.Generator.csproj", "{7413DE26-91A1-4D16-829B-22C3D24D0081}"
EndProject
Project("{FAE04EC0-301F-11D3-BF4B-00C04F79EFBC}") = "ApplicationRegistries.Test", "ApplicationRegistries.Test\ApplicationRegistries.Test.csproj", "{8F11E932-5DDE-4156-A675-46DF74584501}"
EndProject
Project("{2150E333-8FDC-42A3-9474-1A3956D46DE8}") = ".nuget", ".nuget", "{E1361CFB-CDD0-49AC-89A4-FBCB75AB5CCC}"
	ProjectSection(SolutionItems) = preProject
		.nuget\packages.config = .nuget\packages.config
	EndProjectSection
EndProject
Global
	GlobalSection(SolutionConfigurationPlatforms) = preSolution
		Debug|Any CPU = Debug|Any CPU
		Release|Any CPU = Release|Any CPU
	EndGlobalSection
	GlobalSection(ProjectConfigurationPlatforms) = postSolution
		{CCAA1D15-EA29-4C3A-8BBE-9F1D95E77D04}.Debug|Any CPU.ActiveCfg = Debug|Any CPU
		{CCAA1D15-EA29-4C3A-8BBE-9F1D95E77D04}.Debug|Any CPU.Build.0 = Debug|Any CPU
		{CCAA1D15-EA29-4C3A-8BBE-9F1D95E77D04}.Release|Any CPU.ActiveCfg = Release|Any CPU
		{CCAA1D15-EA29-4C3A-8BBE-9F1D95E77D04}.Release|Any CPU.Build.0 = Release|Any CPU
		{7413DE26-91A1-4D16-829B-22C3D24D0081}.Debug|Any CPU.ActiveCfg = Debug|Any CPU
		{7413DE26-91A1-4D16-829B-22C3D24D0081}.Debug|Any CPU.Build.0 = Debug|Any CPU
		{7413DE26-91A1-4D16-829B-22C3D24D0081}.Release|Any CPU.ActiveCfg = Release|Any CPU
		{7413DE26-91A1-4D16-829B-22C3D24D0081}.Release|Any CPU.Build.0 = Release|Any CPU
		{8F11E932-5DDE-4156-A675-46DF74584501}.Debug|Any CPU.ActiveCfg = Debug|Any CPU
		{8F11E932-5DDE-4156-A675-46DF74584501}.Debug|Any CPU.Build.0 = Debug|Any CPU
		{8F11E932-5DDE-4156-A675-46DF74584501}.Release|Any CPU.ActiveCfg = Release|Any CPU
		{8F11E932-5DDE-4156-A675-46DF74584501}.Release|Any CPU.Build.0 = Release|Any CPU
	EndGlobalSection
	GlobalSection(SolutionProperties) = preSolution
		HideSolutionNode = FALSE
	EndGlobalSection
EndGlobal
